
Microsoft Visual Studio Solution File, Format Version 12.00
# Visual Studio Version 17
VisualStudioVersion = 17.13.35931.197
MinimumVisualStudioVersion = 10.0.40219.1
Project("{FAE04EC0-301F-11D3-BF4B-00C04F79EFBC}") = "FirstProject", "FirstProject\FirstProject.csproj", "{83DE5BA6-8435-4E09-AA99-1F7A90FA1161}"
EndProject
Project("{FAE04EC0-301F-11D3-BF4B-00C04F79EFBC}") = "SecondProject", "SecondProject\SecondProject.csproj", "{F9C41CC2-0B0E-48A4-988E-CE64ADDCE26D}"
EndProject
Project("{FAE04EC0-301F-11D3-BF4B-00C04F79EFBC}") = "FirstDegree", "FirstDegree\FirstDegree.csproj", "{4D0D1B98-C89A-457D-8B8B-E147E2278EF6}"
EndProject
Project("{FAE04EC0-301F-11D3-BF4B-00C04F79EFBC}") = "QuadraticEquation", "QuadraticEquation\QuadraticEquation.csproj", "{34DD32CB-F54F-4197-884C-DCF7771EC993}"
EndProject
Project("{FAE04EC0-301F-11D3-BF4B-00C04F79EFBC}") = "StringInterdaption", "StringInterdaption\StringInterdaption.csproj", "{20EDBCD1-ED66-44F2-86F2-9C09F4532F08}"
EndProject
Project("{FAE04EC0-301F-11D3-BF4B-00C04F79EFBC}") = "SimpleMath", "SimpleMath\SimpleMath.csproj", "{D7D40A9D-0745-4E19-8950-F5ABA13237B1}"
EndProject
Project("{FAE04EC0-301F-11D3-BF4B-00C04F79EFBC}") = "RefAndOutSimple", "RefAndOutSimple\RefAndOutSimple.csproj", "{E39970BB-7DE1-4F72-95C3-AFAF730E9D93}"
EndProject
Project("{FAE04EC0-301F-11D3-BF4B-00C04F79EFBC}") = "TryParseSimple", "TryParseSimple\TryParseSimple.csproj", "{B4A2C8EA-A892-4A4E-8AA2-F70EB6078089}"
EndProject
Project("{FAE04EC0-301F-11D3-BF4B-00C04F79EFBC}") = "ParamSimple", "ParamSimple\ParamSimple.csproj", "{C897E601-76CC-4D3B-A9D2-EDC0B1AC9855}"
EndProject
Project("{FAE04EC0-301F-11D3-BF4B-00C04F79EFBC}") = "TuplesSample", "TyplesSample\TuplesSample.csproj", "{1C2DFC63-04DD-44EC-B163-2BE036496E80}"
EndProject
Project("{FAE04EC0-301F-11D3-BF4B-00C04F79EFBC}") = "NestedLoop_Sort", "NestedLoop_Sort\NestedLoop_Sort.csproj", "{65350236-5BEA-4B68-8C79-0DD15AD4E9A8}"
EndProject
Project("{FAE04EC0-301F-11D3-BF4B-00C04F79EFBC}") = "NestedLoop_Shape", "NestedLoop_Shape\NestedLoop_Shape.csproj", "{08C19252-E888-4E3F-99D7-E77CEF2FD468}"
EndProject
Project("{FAE04EC0-301F-11D3-BF4B-00C04F79EFBC}") = "OOP1", "OOP1\OOP1.csproj", "{464480BD-1AD0-47DE-97A6-4EBA6737A2AF}"
EndProject
Project("{FAE04EC0-301F-11D3-BF4B-00C04F79EFBC}") = "OOP2", "OOP2\OOP2.csproj", "{EC274596-CA35-417F-AAD1-318B43EEE1F6}"
EndProject
Project("{FAE04EC0-301F-11D3-BF4B-00C04F79EFBC}") = "OOP3_ExtentionMethod", "OOP3_ExtentionMethod\OOP3_ExtentionMethod.csproj", "{596F83AB-2470-4365-B754-14C88C8F193C}"
EndProject
Project("{FAE04EC0-301F-11D3-BF4B-00C04F79EFBC}") = "OOP4_Reuse_OOP2", "OOP4_Reuse_OOP2\OOP4_Reuse_OOP2.csproj", "{7ACA75B9-07B2-41B1-B10E-F880FC995A45}"
EndProject
Project("{FAE04EC0-301F-11D3-BF4B-00C04F79EFBC}") = "OOP5_Generic_List", "OOP5_Generic_List\OOP5_Generic_List.csproj", "{21EEF46D-99B0-441D-84D8-ADE682124BEE}"
EndProject
Project("{FAE04EC0-301F-11D3-BF4B-00C04F79EFBC}") = "OOP6_Dictionary", "OOP6_Dictionary\OOP6_Dictionary.csproj", "{85EDD8EF-4DE9-4361-B0BD-949F9B540BEB}"
EndProject
Project("{2150E333-8FDC-42A3-9474-1A3956D46DE8}") = "Chapter5", "Chapter5", "{02EA681E-C7D8-13C7-8484-4AC65E1B71E8}"
EndProject
Project("{FAE04EC0-301F-11D3-BF4B-00C04F79EFBC}") = "BuilderPattern", "BuilderPattern\BuilderPattern.csproj", "{044DE341-433F-5702-4D82-2BB3FD3832E3}"
EndProject
Project("{FAE04EC0-301F-11D3-BF4B-00C04F79EFBC}") = "FactoriesPattern", "FactoriesPattern\FactoriesPattern.csproj", "{15ADFCBE-9B56-7B0A-7AE5-771D29B1F4C9}"
EndProject
Project("{FAE04EC0-301F-11D3-BF4B-00C04F79EFBC}") = "SingletonPattern", "SingletonPattern\SingletonPattern.csproj", "{FABC0CC8-7E79-3D9B-8D56-17C4207BB104}"
EndProject
Project("{FAE04EC0-301F-11D3-BF4B-00C04F79EFBC}") = "ObserverPattern", "ObserverPattern\ObserverPattern.csproj", "{FEBF851F-917B-C45E-D2B8-7873FE9FDB40}"
EndProject
Project("{FAE04EC0-301F-11D3-BF4B-00C04F79EFBC}") = "PrototypePattern", "PrototypePattern\PrototypePattern.csproj", "{92C92FD4-253A-352A-CA1D-8ACA5E5F3868}"
EndProject
Project("{FAE04EC0-301F-11D3-BF4B-00C04F79EFBC}") = "DemoAliasClone", "DemoAliasClone\DemoAliasClone.csproj", "{90617BA8-EBF0-47E5-A034-2F5207E1292B}"
EndProject
Project("{2150E333-8FDC-42A3-9474-1A3956D46DE8}") = "Chapter6", "Chapter6", "{71162AFB-B936-4C8E-B871-2DD3E51C1AAD}"
EndProject
Project("{FAE04EC0-301F-11D3-BF4B-00C04F79EFBC}") = "DemoDelegate", "DemoDelegate\DemoDelegate.csproj", "{17CEFE8F-E2EE-4D15-9FA9-241FE2C7423A}"
EndProject
Project("{FAE04EC0-301F-11D3-BF4B-00C04F79EFBC}") = "DemoLinQ2Object", "DemoLinQToObject\DemoLinQ2Object.csproj", "{D124D974-2366-4F93-8622-BBE01F1F4BBB}"
EndProject
Project("{FAE04EC0-301F-11D3-BF4B-00C04F79EFBC}") = "DemoLinQ2ObjectModelClass", "DemoLinQ2ObjectModelClass\DemoLinQ2ObjectModelClass.csproj", "{4942212E-E754-4527-9DAC-EE170D4D1112}"
EndProject
Project("{FAE04EC0-301F-11D3-BF4B-00C04F79EFBC}") = "DemoLinQ2SQL", "DemoLinQ2SQL\DemoLinQ2SQL.csproj", "{0B855B8B-2F27-4F05-9CD3-9C1A359D8E08}"
EndProject
Project("{FAE04EC0-301F-11D3-BF4B-00C04F79EFBC}") = "Lucy_SalesDataManagement", "Lucy_SafesDataManagement\Lucy_SalesDataManagement.csproj", "{3594ACEE-213C-4510-924B-DCBDD1EF2ECA}"
EndProject
Project("{2150E333-8FDC-42A3-9474-1A3956D46DE8}") = "Chapter7", "Chapter7", "{904B4148-6CBE-4956-9431-EA2E2DD4C140}"
EndProject
Project("{FAE04EC0-301F-11D3-BF4B-00C04F79EFBC}") = "HelloWpfApp", "HelloWpfApp\HelloWpfApp.csproj", "{7098EBAB-1A65-4B7A-BF62-E1F2F54D2852}"
EndProject
Project("{FAE04EC0-301F-11D3-BF4B-00C04F79EFBC}") = "BaiTapCoBanSo1", "BaiTapCoBanSo1\BaiTapCoBanSo1.csproj", "{A61B384A-1E2C-485C-AF5F-EC8A8933AFEC}"
EndProject
Project("{FAE04EC0-301F-11D3-BF4B-00C04F79EFBC}") = "BaiTapCoBanSo2", "BaiTapCoBanSo2\BaiTapCoBanSo2.csproj", "{FD820DDD-708C-42A5-90DF-EDE04E33CD64}"
EndProject
Project("{FAE04EC0-301F-11D3-BF4B-00C04F79EFBC}") = "BaiTapCoBanSo3", "BaiTapCoBanSo3\BaiTapCoBanSo3.csproj", "{D3FEC6E0-52B4-48E4-A5E0-CAEC9DCFAC77}"
EndProject
Project("{FAE04EC0-301F-11D3-BF4B-00C04F79EFBC}") = "XuLyList", "XuLyList\XuLyList.csproj", "{D5C96897-4A70-4528-8E9B-070F79C2E504}"
EndProject
Global
	GlobalSection(SolutionConfigurationPlatforms) = preSolution
		Debug|Any CPU = Debug|Any CPU
		Release|Any CPU = Release|Any CPU
	EndGlobalSection
	GlobalSection(ProjectConfigurationPlatforms) = postSolution
		{83DE5BA6-8435-4E09-AA99-1F7A90FA1161}.Debug|Any CPU.ActiveCfg = Debug|Any CPU
		{83DE5BA6-8435-4E09-AA99-1F7A90FA1161}.Debug|Any CPU.Build.0 = Debug|Any CPU
		{83DE5BA6-8435-4E09-AA99-1F7A90FA1161}.Release|Any CPU.ActiveCfg = Release|Any CPU
		{83DE5BA6-8435-4E09-AA99-1F7A90FA1161}.Release|Any CPU.Build.0 = Release|Any CPU
		{F9C41CC2-0B0E-48A4-988E-CE64ADDCE26D}.Debug|Any CPU.ActiveCfg = Debug|Any CPU
		{F9C41CC2-0B0E-48A4-988E-CE64ADDCE26D}.Debug|Any CPU.Build.0 = Debug|Any CPU
		{F9C41CC2-0B0E-48A4-988E-CE64ADDCE26D}.Release|Any CPU.ActiveCfg = Release|Any CPU
		{F9C41CC2-0B0E-48A4-988E-CE64ADDCE26D}.Release|Any CPU.Build.0 = Release|Any CPU
		{4D0D1B98-C89A-457D-8B8B-E147E2278EF6}.Debug|Any CPU.ActiveCfg = Debug|Any CPU
		{4D0D1B98-C89A-457D-8B8B-E147E2278EF6}.Debug|Any CPU.Build.0 = Debug|Any CPU
		{4D0D1B98-C89A-457D-8B8B-E147E2278EF6}.Release|Any CPU.ActiveCfg = Release|Any CPU
		{4D0D1B98-C89A-457D-8B8B-E147E2278EF6}.Release|Any CPU.Build.0 = Release|Any CPU
		{34DD32CB-F54F-4197-884C-DCF7771EC993}.Debug|Any CPU.ActiveCfg = Debug|Any CPU
		{34DD32CB-F54F-4197-884C-DCF7771EC993}.Debug|Any CPU.Build.0 = Debug|Any CPU
		{34DD32CB-F54F-4197-884C-DCF7771EC993}.Release|Any CPU.ActiveCfg = Release|Any CPU
		{34DD32CB-F54F-4197-884C-DCF7771EC993}.Release|Any CPU.Build.0 = Release|Any CPU
		{20EDBCD1-ED66-44F2-86F2-9C09F4532F08}.Debug|Any CPU.ActiveCfg = Debug|Any CPU
		{20EDBCD1-ED66-44F2-86F2-9C09F4532F08}.Debug|Any CPU.Build.0 = Debug|Any CPU
		{20EDBCD1-ED66-44F2-86F2-9C09F4532F08}.Release|Any CPU.ActiveCfg = Release|Any CPU
		{20EDBCD1-ED66-44F2-86F2-9C09F4532F08}.Release|Any CPU.Build.0 = Release|Any CPU
		{D7D40A9D-0745-4E19-8950-F5ABA13237B1}.Debug|Any CPU.ActiveCfg = Debug|Any CPU
		{D7D40A9D-0745-4E19-8950-F5ABA13237B1}.Debug|Any CPU.Build.0 = Debug|Any CPU
		{D7D40A9D-0745-4E19-8950-F5ABA13237B1}.Release|Any CPU.ActiveCfg = Release|Any CPU
		{D7D40A9D-0745-4E19-8950-F5ABA13237B1}.Release|Any CPU.Build.0 = Release|Any CPU
		{E39970BB-7DE1-4F72-95C3-AFAF730E9D93}.Debug|Any CPU.ActiveCfg = Debug|Any CPU
		{E39970BB-7DE1-4F72-95C3-AFAF730E9D93}.Debug|Any CPU.Build.0 = Debug|Any CPU
		{E39970BB-7DE1-4F72-95C3-AFAF730E9D93}.Release|Any CPU.ActiveCfg = Release|Any CPU
		{E39970BB-7DE1-4F72-95C3-AFAF730E9D93}.Release|Any CPU.Build.0 = Release|Any CPU
		{B4A2C8EA-A892-4A4E-8AA2-F70EB6078089}.Debug|Any CPU.ActiveCfg = Debug|Any CPU
		{B4A2C8EA-A892-4A4E-8AA2-F70EB6078089}.Debug|Any CPU.Build.0 = Debug|Any CPU
		{B4A2C8EA-A892-4A4E-8AA2-F70EB6078089}.Release|Any CPU.ActiveCfg = Release|Any CPU
		{B4A2C8EA-A892-4A4E-8AA2-F70EB6078089}.Release|Any CPU.Build.0 = Release|Any CPU
		{C897E601-76CC-4D3B-A9D2-EDC0B1AC9855}.Debug|Any CPU.ActiveCfg = Debug|Any CPU
		{C897E601-76CC-4D3B-A9D2-EDC0B1AC9855}.Debug|Any CPU.Build.0 = Debug|Any CPU
		{C897E601-76CC-4D3B-A9D2-EDC0B1AC9855}.Release|Any CPU.ActiveCfg = Release|Any CPU
		{C897E601-76CC-4D3B-A9D2-EDC0B1AC9855}.Release|Any CPU.Build.0 = Release|Any CPU
		{1C2DFC63-04DD-44EC-B163-2BE036496E80}.Debug|Any CPU.ActiveCfg = Debug|Any CPU
		{1C2DFC63-04DD-44EC-B163-2BE036496E80}.Debug|Any CPU.Build.0 = Debug|Any CPU
		{1C2DFC63-04DD-44EC-B163-2BE036496E80}.Release|Any CPU.ActiveCfg = Release|Any CPU
		{1C2DFC63-04DD-44EC-B163-2BE036496E80}.Release|Any CPU.Build.0 = Release|Any CPU
		{65350236-5BEA-4B68-8C79-0DD15AD4E9A8}.Debug|Any CPU.ActiveCfg = Debug|Any CPU
		{65350236-5BEA-4B68-8C79-0DD15AD4E9A8}.Debug|Any CPU.Build.0 = Debug|Any CPU
		{65350236-5BEA-4B68-8C79-0DD15AD4E9A8}.Release|Any CPU.ActiveCfg = Release|Any CPU
		{65350236-5BEA-4B68-8C79-0DD15AD4E9A8}.Release|Any CPU.Build.0 = Release|Any CPU
		{08C19252-E888-4E3F-99D7-E77CEF2FD468}.Debug|Any CPU.ActiveCfg = Debug|Any CPU
		{08C19252-E888-4E3F-99D7-E77CEF2FD468}.Debug|Any CPU.Build.0 = Debug|Any CPU
		{08C19252-E888-4E3F-99D7-E77CEF2FD468}.Release|Any CPU.ActiveCfg = Release|Any CPU
		{08C19252-E888-4E3F-99D7-E77CEF2FD468}.Release|Any CPU.Build.0 = Release|Any CPU
		{464480BD-1AD0-47DE-97A6-4EBA6737A2AF}.Debug|Any CPU.ActiveCfg = Debug|Any CPU
		{464480BD-1AD0-47DE-97A6-4EBA6737A2AF}.Debug|Any CPU.Build.0 = Debug|Any CPU
		{464480BD-1AD0-47DE-97A6-4EBA6737A2AF}.Release|Any CPU.ActiveCfg = Release|Any CPU
		{464480BD-1AD0-47DE-97A6-4EBA6737A2AF}.Release|Any CPU.Build.0 = Release|Any CPU
		{EC274596-CA35-417F-AAD1-318B43EEE1F6}.Debug|Any CPU.ActiveCfg = Debug|Any CPU
		{EC274596-CA35-417F-AAD1-318B43EEE1F6}.Debug|Any CPU.Build.0 = Debug|Any CPU
		{EC274596-CA35-417F-AAD1-318B43EEE1F6}.Release|Any CPU.ActiveCfg = Release|Any CPU
		{EC274596-CA35-417F-AAD1-318B43EEE1F6}.Release|Any CPU.Build.0 = Release|Any CPU
		{596F83AB-2470-4365-B754-14C88C8F193C}.Debug|Any CPU.ActiveCfg = Debug|Any CPU
		{596F83AB-2470-4365-B754-14C88C8F193C}.Debug|Any CPU.Build.0 = Debug|Any CPU
		{596F83AB-2470-4365-B754-14C88C8F193C}.Release|Any CPU.ActiveCfg = Release|Any CPU
		{596F83AB-2470-4365-B754-14C88C8F193C}.Release|Any CPU.Build.0 = Release|Any CPU
		{7ACA75B9-07B2-41B1-B10E-F880FC995A45}.Debug|Any CPU.ActiveCfg = Debug|Any CPU
		{7ACA75B9-07B2-41B1-B10E-F880FC995A45}.Debug|Any CPU.Build.0 = Debug|Any CPU
		{7ACA75B9-07B2-41B1-B10E-F880FC995A45}.Release|Any CPU.ActiveCfg = Release|Any CPU
		{7ACA75B9-07B2-41B1-B10E-F880FC995A45}.Release|Any CPU.Build.0 = Release|Any CPU
		{21EEF46D-99B0-441D-84D8-ADE682124BEE}.Debug|Any CPU.ActiveCfg = Debug|Any CPU
		{21EEF46D-99B0-441D-84D8-ADE682124BEE}.Debug|Any CPU.Build.0 = Debug|Any CPU
		{21EEF46D-99B0-441D-84D8-ADE682124BEE}.Release|Any CPU.ActiveCfg = Release|Any CPU
		{21EEF46D-99B0-441D-84D8-ADE682124BEE}.Release|Any CPU.Build.0 = Release|Any CPU
		{85EDD8EF-4DE9-4361-B0BD-949F9B540BEB}.Debug|Any CPU.ActiveCfg = Debug|Any CPU
		{85EDD8EF-4DE9-4361-B0BD-949F9B540BEB}.Debug|Any CPU.Build.0 = Debug|Any CPU
		{85EDD8EF-4DE9-4361-B0BD-949F9B540BEB}.Release|Any CPU.ActiveCfg = Release|Any CPU
		{85EDD8EF-4DE9-4361-B0BD-949F9B540BEB}.Release|Any CPU.Build.0 = Release|Any CPU
		{044DE341-433F-5702-4D82-2BB3FD3832E3}.Debug|Any CPU.ActiveCfg = Debug|Any CPU
		{044DE341-433F-5702-4D82-2BB3FD3832E3}.Debug|Any CPU.Build.0 = Debug|Any CPU
		{044DE341-433F-5702-4D82-2BB3FD3832E3}.Release|Any CPU.ActiveCfg = Release|Any CPU
		{044DE341-433F-5702-4D82-2BB3FD3832E3}.Release|Any CPU.Build.0 = Release|Any CPU
		{15ADFCBE-9B56-7B0A-7AE5-771D29B1F4C9}.Debug|Any CPU.ActiveCfg = Debug|Any CPU
		{15ADFCBE-9B56-7B0A-7AE5-771D29B1F4C9}.Debug|Any CPU.Build.0 = Debug|Any CPU
		{15ADFCBE-9B56-7B0A-7AE5-771D29B1F4C9}.Release|Any CPU.ActiveCfg = Release|Any CPU
		{15ADFCBE-9B56-7B0A-7AE5-771D29B1F4C9}.Release|Any CPU.Build.0 = Release|Any CPU
		{FABC0CC8-7E79-3D9B-8D56-17C4207BB104}.Debug|Any CPU.ActiveCfg = Debug|Any CPU
		{FABC0CC8-7E79-3D9B-8D56-17C4207BB104}.Debug|Any CPU.Build.0 = Debug|Any CPU
		{FABC0CC8-7E79-3D9B-8D56-17C4207BB104}.Release|Any CPU.ActiveCfg = Release|Any CPU
		{FABC0CC8-7E79-3D9B-8D56-17C4207BB104}.Release|Any CPU.Build.0 = Release|Any CPU
		{FEBF851F-917B-C45E-D2B8-7873FE9FDB40}.Debug|Any CPU.ActiveCfg = Debug|Any CPU
		{FEBF851F-917B-C45E-D2B8-7873FE9FDB40}.Debug|Any CPU.Build.0 = Debug|Any CPU
		{FEBF851F-917B-C45E-D2B8-7873FE9FDB40}.Release|Any CPU.ActiveCfg = Release|Any CPU
		{FEBF851F-917B-C45E-D2B8-7873FE9FDB40}.Release|Any CPU.Build.0 = Release|Any CPU
		{92C92FD4-253A-352A-CA1D-8ACA5E5F3868}.Debug|Any CPU.ActiveCfg = Debug|Any CPU
		{92C92FD4-253A-352A-CA1D-8ACA5E5F3868}.Debug|Any CPU.Build.0 = Debug|Any CPU
		{92C92FD4-253A-352A-CA1D-8ACA5E5F3868}.Release|Any CPU.ActiveCfg = Release|Any CPU
		{92C92FD4-253A-352A-CA1D-8ACA5E5F3868}.Release|Any CPU.Build.0 = Release|Any CPU
		{90617BA8-EBF0-47E5-A034-2F5207E1292B}.Debug|Any CPU.ActiveCfg = Debug|Any CPU
		{90617BA8-EBF0-47E5-A034-2F5207E1292B}.Debug|Any CPU.Build.0 = Debug|Any CPU
		{90617BA8-EBF0-47E5-A034-2F5207E1292B}.Release|Any CPU.ActiveCfg = Release|Any CPU
		{90617BA8-EBF0-47E5-A034-2F5207E1292B}.Release|Any CPU.Build.0 = Release|Any CPU
		{17CEFE8F-E2EE-4D15-9FA9-241FE2C7423A}.Debug|Any CPU.ActiveCfg = Debug|Any CPU
		{17CEFE8F-E2EE-4D15-9FA9-241FE2C7423A}.Debug|Any CPU.Build.0 = Debug|Any CPU
		{17CEFE8F-E2EE-4D15-9FA9-241FE2C7423A}.Release|Any CPU.ActiveCfg = Release|Any CPU
		{17CEFE8F-E2EE-4D15-9FA9-241FE2C7423A}.Release|Any CPU.Build.0 = Release|Any CPU
		{D124D974-2366-4F93-8622-BBE01F1F4BBB}.Debug|Any CPU.ActiveCfg = Debug|Any CPU
		{D124D974-2366-4F93-8622-BBE01F1F4BBB}.Debug|Any CPU.Build.0 = Debug|Any CPU
		{D124D974-2366-4F93-8622-BBE01F1F4BBB}.Release|Any CPU.ActiveCfg = Release|Any CPU
		{D124D974-2366-4F93-8622-BBE01F1F4BBB}.Release|Any CPU.Build.0 = Release|Any CPU
		{4942212E-E754-4527-9DAC-EE170D4D1112}.Debug|Any CPU.ActiveCfg = Debug|Any CPU
		{4942212E-E754-4527-9DAC-EE170D4D1112}.Debug|Any CPU.Build.0 = Debug|Any CPU
		{4942212E-E754-4527-9DAC-EE170D4D1112}.Release|Any CPU.ActiveCfg = Release|Any CPU
		{4942212E-E754-4527-9DAC-EE170D4D1112}.Release|Any CPU.Build.0 = Release|Any CPU
		{0B855B8B-2F27-4F05-9CD3-9C1A359D8E08}.Debug|Any CPU.ActiveCfg = Debug|Any CPU
		{0B855B8B-2F27-4F05-9CD3-9C1A359D8E08}.Debug|Any CPU.Build.0 = Debug|Any CPU
		{0B855B8B-2F27-4F05-9CD3-9C1A359D8E08}.Release|Any CPU.ActiveCfg = Release|Any CPU
		{0B855B8B-2F27-4F05-9CD3-9C1A359D8E08}.Release|Any CPU.Build.0 = Release|Any CPU
		{3594ACEE-213C-4510-924B-DCBDD1EF2ECA}.Debug|Any CPU.ActiveCfg = Debug|Any CPU
		{3594ACEE-213C-4510-924B-DCBDD1EF2ECA}.Debug|Any CPU.Build.0 = Debug|Any CPU
		{3594ACEE-213C-4510-924B-DCBDD1EF2ECA}.Release|Any CPU.ActiveCfg = Release|Any CPU
		{3594ACEE-213C-4510-924B-DCBDD1EF2ECA}.Release|Any CPU.Build.0 = Release|Any CPU
		{7098EBAB-1A65-4B7A-BF62-E1F2F54D2852}.Debug|Any CPU.ActiveCfg = Debug|Any CPU
		{7098EBAB-1A65-4B7A-BF62-E1F2F54D2852}.Debug|Any CPU.Build.0 = Debug|Any CPU
		{7098EBAB-1A65-4B7A-BF62-E1F2F54D2852}.Release|Any CPU.ActiveCfg = Release|Any CPU
		{7098EBAB-1A65-4B7A-BF62-E1F2F54D2852}.Release|Any CPU.Build.0 = Release|Any CPU
		{A61B384A-1E2C-485C-AF5F-EC8A8933AFEC}.Debug|Any CPU.ActiveCfg = Debug|Any CPU
		{A61B384A-1E2C-485C-AF5F-EC8A8933AFEC}.Debug|Any CPU.Build.0 = Debug|Any CPU
		{A61B384A-1E2C-485C-AF5F-EC8A8933AFEC}.Release|Any CPU.ActiveCfg = Release|Any CPU
		{A61B384A-1E2C-485C-AF5F-EC8A8933AFEC}.Release|Any CPU.Build.0 = Release|Any CPU
		{FD820DDD-708C-42A5-90DF-EDE04E33CD64}.Debug|Any CPU.ActiveCfg = Debug|Any CPU
		{FD820DDD-708C-42A5-90DF-EDE04E33CD64}.Debug|Any CPU.Build.0 = Debug|Any CPU
		{FD820DDD-708C-42A5-90DF-EDE04E33CD64}.Release|Any CPU.ActiveCfg = Release|Any CPU
		{FD820DDD-708C-42A5-90DF-EDE04E33CD64}.Release|Any CPU.Build.0 = Release|Any CPU
		{D3FEC6E0-52B4-48E4-A5E0-CAEC9DCFAC77}.Debug|Any CPU.ActiveCfg = Debug|Any CPU
		{D3FEC6E0-52B4-48E4-A5E0-CAEC9DCFAC77}.Debug|Any CPU.Build.0 = Debug|Any CPU
		{D3FEC6E0-52B4-48E4-A5E0-CAEC9DCFAC77}.Release|Any CPU.ActiveCfg = Release|Any CPU
		{D3FEC6E0-52B4-48E4-A5E0-CAEC9DCFAC77}.Release|Any CPU.Build.0 = Release|Any CPU
		{D5C96897-4A70-4528-8E9B-070F79C2E504}.Debug|Any CPU.ActiveCfg = Debug|Any CPU
		{D5C96897-4A70-4528-8E9B-070F79C2E504}.Debug|Any CPU.Build.0 = Debug|Any CPU
		{D5C96897-4A70-4528-8E9B-070F79C2E504}.Release|Any CPU.ActiveCfg = Release|Any CPU
		{D5C96897-4A70-4528-8E9B-070F79C2E504}.Release|Any CPU.Build.0 = Release|Any CPU
	EndGlobalSection
	GlobalSection(SolutionProperties) = preSolution
		HideSolutionNode = FALSE
	EndGlobalSection
	GlobalSection(NestedProjects) = preSolution
		{044DE341-433F-5702-4D82-2BB3FD3832E3} = {02EA681E-C7D8-13C7-8484-4AC65E1B71E8}
		{15ADFCBE-9B56-7B0A-7AE5-771D29B1F4C9} = {02EA681E-C7D8-13C7-8484-4AC65E1B71E8}
		{FABC0CC8-7E79-3D9B-8D56-17C4207BB104} = {02EA681E-C7D8-13C7-8484-4AC65E1B71E8}
		{FEBF851F-917B-C45E-D2B8-7873FE9FDB40} = {02EA681E-C7D8-13C7-8484-4AC65E1B71E8}
		{92C92FD4-253A-352A-CA1D-8ACA5E5F3868} = {02EA681E-C7D8-13C7-8484-4AC65E1B71E8}
		{90617BA8-EBF0-47E5-A034-2F5207E1292B} = {02EA681E-C7D8-13C7-8484-4AC65E1B71E8}
		{17CEFE8F-E2EE-4D15-9FA9-241FE2C7423A} = {71162AFB-B936-4C8E-B871-2DD3E51C1AAD}
		{D124D974-2366-4F93-8622-BBE01F1F4BBB} = {71162AFB-B936-4C8E-B871-2DD3E51C1AAD}
		{4942212E-E754-4527-9DAC-EE170D4D1112} = {71162AFB-B936-4C8E-B871-2DD3E51C1AAD}
		{0B855B8B-2F27-4F05-9CD3-9C1A359D8E08} = {71162AFB-B936-4C8E-B871-2DD3E51C1AAD}
		{3594ACEE-213C-4510-924B-DCBDD1EF2ECA} = {71162AFB-B936-4C8E-B871-2DD3E51C1AAD}
		{7098EBAB-1A65-4B7A-BF62-E1F2F54D2852} = {904B4148-6CBE-4956-9431-EA2E2DD4C140}
		{A61B384A-1E2C-485C-AF5F-EC8A8933AFEC} = {904B4148-6CBE-4956-9431-EA2E2DD4C140}
		{FD820DDD-708C-42A5-90DF-EDE04E33CD64} = {904B4148-6CBE-4956-9431-EA2E2DD4C140}
		{D3FEC6E0-52B4-48E4-A5E0-CAEC9DCFAC77} = {904B4148-6CBE-4956-9431-EA2E2DD4C140}
		{D5C96897-4A70-4528-8E9B-070F79C2E504} = {904B4148-6CBE-4956-9431-EA2E2DD4C140}
	EndGlobalSection
	GlobalSection(ExtensibilityGlobals) = postSolution
		SolutionGuid = {641B0918-F5E2-4318-BBAE-A8FE827A34A4}
	EndGlobalSection
EndGlobal
